
Microsoft Visual Studio Solution File, Format Version 12.00
# Visual Studio Version 17
VisualStudioVersion = 17.10.35027.167
MinimumVisualStudioVersion = 10.0.40219.1
Project("{FAE04EC0-301F-11D3-BF4B-00C04F79EFBC}") = "Online-Event-Management.Server", "Online-Event-Management.Server\Online-Event-Management.Server.csproj", "{F5FD59B6-FB60-4A9B-9508-7456AAADB15D}"
EndProject
Project("{54A90642-561A-4BB1-A94E-469ADEE60C69}") = "online-event-management.client", "online-event-management.client\online-event-management.client.esproj", "{75FCB365-F17B-4722-B169-B7CB1F0F0EAD}"
EndProject
Global
	GlobalSection(SolutionConfigurationPlatforms) = preSolution
		Debug|Any CPU = Debug|Any CPU
		Release|Any CPU = Release|Any CPU
	EndGlobalSection
	GlobalSection(ProjectConfigurationPlatforms) = postSolution
		{F5FD59B6-FB60-4A9B-9508-7456AAADB15D}.Debug|Any CPU.ActiveCfg = Debug|Any CPU
		{F5FD59B6-FB60-4A9B-9508-7456AAADB15D}.Debug|Any CPU.Build.0 = Debug|Any CPU
		{F5FD59B6-FB60-4A9B-9508-7456AAADB15D}.Release|Any CPU.ActiveCfg = Release|Any CPU
		{F5FD59B6-FB60-4A9B-9508-7456AAADB15D}.Release|Any CPU.Build.0 = Release|Any CPU
		{75FCB365-F17B-4722-B169-B7CB1F0F0EAD}.Debug|Any CPU.ActiveCfg = Debug|Any CPU
		{75FCB365-F17B-4722-B169-B7CB1F0F0EAD}.Debug|Any CPU.Build.0 = Debug|Any CPU
		{75FCB365-F17B-4722-B169-B7CB1F0F0EAD}.Debug|Any CPU.Deploy.0 = Debug|Any CPU
		{75FCB365-F17B-4722-B169-B7CB1F0F0EAD}.Release|Any CPU.ActiveCfg = Release|Any CPU
		{75FCB365-F17B-4722-B169-B7CB1F0F0EAD}.Release|Any CPU.Build.0 = Release|Any CPU
		{75FCB365-F17B-4722-B169-B7CB1F0F0EAD}.Release|Any CPU.Deploy.0 = Release|Any CPU
	EndGlobalSection
	GlobalSection(SolutionProperties) = preSolution
		HideSolutionNode = FALSE
	EndGlobalSection
	GlobalSection(ExtensibilityGlobals) = postSolution
		SolutionGuid = {AC00FBF7-8081-419C-915E-924B7B5B1B21}
	EndGlobalSection
EndGlobal
